// !$*UTF8*$!
{
	archiveVersion = 1;
	classes = {
	};
	objectVersion = 56;
	objects = {

/* Begin PBXBuildFile section */
		8B4FA2B42B0AFFF4008B3465 /* SwiftUICoinOrderbookApp.swift in Sources */ = {isa = PBXBuildFile; fileRef = 8B4FA2B32B0AFFF4008B3465 /* SwiftUICoinOrderbookApp.swift */; };
		8B4FA2B62B0AFFF4008B3465 /* ContentView.swift in Sources */ = {isa = PBXBuildFile; fileRef = 8B4FA2B52B0AFFF4008B3465 /* ContentView.swift */; };
		8B4FA2B82B0AFFF6008B3465 /* Assets.xcassets in Resources */ = {isa = PBXBuildFile; fileRef = 8B4FA2B72B0AFFF6008B3465 /* Assets.xcassets */; };
		8B4FA2BB2B0AFFF6008B3465 /* Preview Assets.xcassets in Resources */ = {isa = PBXBuildFile; fileRef = 8B4FA2BA2B0AFFF6008B3465 /* Preview Assets.xcassets */; };
		8B4FA2C52B0AFFF6008B3465 /* SwiftUICoinOrderbookTests.swift in Sources */ = {isa = PBXBuildFile; fileRef = 8B4FA2C42B0AFFF6008B3465 /* SwiftUICoinOrderbookTests.swift */; };
		8B4FA2CF2B0AFFF6008B3465 /* SwiftUICoinOrderbookUITests.swift in Sources */ = {isa = PBXBuildFile; fileRef = 8B4FA2CE2B0AFFF6008B3465 /* SwiftUICoinOrderbookUITests.swift */; };
		8B4FA2D12B0AFFF6008B3465 /* SwiftUICoinOrderbookUITestsLaunchTests.swift in Sources */ = {isa = PBXBuildFile; fileRef = 8B4FA2D02B0AFFF6008B3465 /* SwiftUICoinOrderbookUITestsLaunchTests.swift */; };
		8B4FA2DF2B0B08FE008B3465 /* Money.swift in Sources */ = {isa = PBXBuildFile; fileRef = 8B4FA2DD2B0B08FE008B3465 /* Money.swift */; };
		8B4FA2E02B0B08FE008B3465 /* Banner.swift in Sources */ = {isa = PBXBuildFile; fileRef = 8B4FA2DE2B0B08FE008B3465 /* Banner.swift */; };
		8B5B83292B141D92009E2CBB /* SeSACView.swift in Sources */ = {isa = PBXBuildFile; fileRef = 8B5B83282B141D92009E2CBB /* SeSACView.swift */; };
		8B5B832B2B141E62009E2CBB /* MyWebView.swift in Sources */ = {isa = PBXBuildFile; fileRef = 8B5B832A2B141E62009E2CBB /* MyWebView.swift */; };
		8B5B832D2B142199009E2CBB /* MyTextField.swift in Sources */ = {isa = PBXBuildFile; fileRef = 8B5B832C2B142199009E2CBB /* MyTextField.swift */; };
		8B5B83302B143360009E2CBB /* HorizontalView.swift in Sources */ = {isa = PBXBuildFile; fileRef = 8B5B832F2B143360009E2CBB /* HorizontalView.swift */; };
		8B5B83322B143577009E2CBB /* HorizontalData.swift in Sources */ = {isa = PBXBuildFile; fileRef = 8B5B83312B143577009E2CBB /* HorizontalData.swift */; };
		8B5B83342B143C68009E2CBB /* HorizontalViewModel.swift in Sources */ = {isa = PBXBuildFile; fileRef = 8B5B83332B143C68009E2CBB /* HorizontalViewModel.swift */; };
		8B702C262B157F4100A79DAF /* OrderBookModel.swift in Sources */ = {isa = PBXBuildFile; fileRef = 8B702C252B157F4100A79DAF /* OrderBookModel.swift */; };
		8B9116F82B0C4A3C001A82DC /* OverlayView.swift in Sources */ = {isa = PBXBuildFile; fileRef = 8B9116F72B0C4A3C001A82DC /* OverlayView.swift */; };
		8B9116FD2B0C4E9B001A82DC /* UpbitAPI.swift in Sources */ = {isa = PBXBuildFile; fileRef = 8B9116FC2B0C4E9B001A82DC /* UpbitAPI.swift */; };
		8B9116FF2B0C595A001A82DC /* ContentViewModel.swift in Sources */ = {isa = PBXBuildFile; fileRef = 8B9116FE2B0C595A001A82DC /* ContentViewModel.swift */; };
		8B9117012B0C7338001A82DC /* ListView.swift in Sources */ = {isa = PBXBuildFile; fileRef = 8B9117002B0C7338001A82DC /* ListView.swift */; };
		8B9117032B0C736A001A82DC /* ListViewModel.swift in Sources */ = {isa = PBXBuildFile; fileRef = 8B9117022B0C736A001A82DC /* ListViewModel.swift */; };
		8B9117052B0C809C001A82DC /* BannerTestView.swift in Sources */ = {isa = PBXBuildFile; fileRef = 8B9117042B0C809C001A82DC /* BannerTestView.swift */; };
		8B9117072B0CF37D001A82DC /* BannerView.swift in Sources */ = {isa = PBXBuildFile; fileRef = 8B9117062B0CF37D001A82DC /* BannerView.swift */; };
		8B9117092B0CF494001A82DC /* BannerViewModel.swift in Sources */ = {isa = PBXBuildFile; fileRef = 8B9117082B0CF494001A82DC /* BannerViewModel.swift */; };
		8B91170C2B0D8610001A82DC /* WalletView.swift in Sources */ = {isa = PBXBuildFile; fileRef = 8B91170B2B0D8610001A82DC /* WalletView.swift */; };
		8B91170E2B0D991E001A82DC /* WalletDetailView.swift in Sources */ = {isa = PBXBuildFile; fileRef = 8B91170D2B0D991E001A82DC /* WalletDetailView.swift */; };
		8B9117102B0DA52E001A82DC /* WalletModel.swift in Sources */ = {isa = PBXBuildFile; fileRef = 8B91170F2B0DA52E001A82DC /* WalletModel.swift */; };
/* End PBXBuildFile section */

/* Begin PBXContainerItemProxy section */
		8B4FA2C12B0AFFF6008B3465 /* PBXContainerItemProxy */ = {
			isa = PBXContainerItemProxy;
			containerPortal = 8B4FA2A82B0AFFF4008B3465 /* Project object */;
			proxyType = 1;
			remoteGlobalIDString = 8B4FA2AF2B0AFFF4008B3465;
			remoteInfo = SwiftUICoinOrderbook;
		};
		8B4FA2CB2B0AFFF6008B3465 /* PBXContainerItemProxy */ = {
			isa = PBXContainerItemProxy;
			containerPortal = 8B4FA2A82B0AFFF4008B3465 /* Project object */;
			proxyType = 1;
			remoteGlobalIDString = 8B4FA2AF2B0AFFF4008B3465;
			remoteInfo = SwiftUICoinOrderbook;
		};
/* End PBXContainerItemProxy section */

/* Begin PBXFileReference section */
		8B4FA2B02B0AFFF4008B3465 /* SwiftUICoinOrderbook.app */ = {isa = PBXFileReference; explicitFileType = wrapper.application; includeInIndex = 0; path = SwiftUICoinOrderbook.app; sourceTree = BUILT_PRODUCTS_DIR; };
		8B4FA2B32B0AFFF4008B3465 /* SwiftUICoinOrderbookApp.swift */ = {isa = PBXFileReference; lastKnownFileType = sourcecode.swift; path = SwiftUICoinOrderbookApp.swift; sourceTree = "<group>"; };
		8B4FA2B52B0AFFF4008B3465 /* ContentView.swift */ = {isa = PBXFileReference; lastKnownFileType = sourcecode.swift; path = ContentView.swift; sourceTree = "<group>"; };
		8B4FA2B72B0AFFF6008B3465 /* Assets.xcassets */ = {isa = PBXFileReference; lastKnownFileType = folder.assetcatalog; path = Assets.xcassets; sourceTree = "<group>"; };
		8B4FA2BA2B0AFFF6008B3465 /* Preview Assets.xcassets */ = {isa = PBXFileReference; lastKnownFileType = folder.assetcatalog; path = "Preview Assets.xcassets"; sourceTree = "<group>"; };
		8B4FA2C02B0AFFF6008B3465 /* SwiftUICoinOrderbookTests.xctest */ = {isa = PBXFileReference; explicitFileType = wrapper.cfbundle; includeInIndex = 0; path = SwiftUICoinOrderbookTests.xctest; sourceTree = BUILT_PRODUCTS_DIR; };
		8B4FA2C42B0AFFF6008B3465 /* SwiftUICoinOrderbookTests.swift */ = {isa = PBXFileReference; lastKnownFileType = sourcecode.swift; path = SwiftUICoinOrderbookTests.swift; sourceTree = "<group>"; };
		8B4FA2CA2B0AFFF6008B3465 /* SwiftUICoinOrderbookUITests.xctest */ = {isa = PBXFileReference; explicitFileType = wrapper.cfbundle; includeInIndex = 0; path = SwiftUICoinOrderbookUITests.xctest; sourceTree = BUILT_PRODUCTS_DIR; };
		8B4FA2CE2B0AFFF6008B3465 /* SwiftUICoinOrderbookUITests.swift */ = {isa = PBXFileReference; lastKnownFileType = sourcecode.swift; path = SwiftUICoinOrderbookUITests.swift; sourceTree = "<group>"; };
		8B4FA2D02B0AFFF6008B3465 /* SwiftUICoinOrderbookUITestsLaunchTests.swift */ = {isa = PBXFileReference; lastKnownFileType = sourcecode.swift; path = SwiftUICoinOrderbookUITestsLaunchTests.swift; sourceTree = "<group>"; };
		8B4FA2DD2B0B08FE008B3465 /* Money.swift */ = {isa = PBXFileReference; fileEncoding = 4; lastKnownFileType = sourcecode.swift; path = Money.swift; sourceTree = "<group>"; };
		8B4FA2DE2B0B08FE008B3465 /* Banner.swift */ = {isa = PBXFileReference; fileEncoding = 4; lastKnownFileType = sourcecode.swift; path = Banner.swift; sourceTree = "<group>"; };
		8B5B83282B141D92009E2CBB /* SeSACView.swift */ = {isa = PBXFileReference; lastKnownFileType = sourcecode.swift; path = SeSACView.swift; sourceTree = "<group>"; };
		8B5B832A2B141E62009E2CBB /* MyWebView.swift */ = {isa = PBXFileReference; lastKnownFileType = sourcecode.swift; path = MyWebView.swift; sourceTree = "<group>"; };
		8B5B832C2B142199009E2CBB /* MyTextField.swift */ = {isa = PBXFileReference; lastKnownFileType = sourcecode.swift; path = MyTextField.swift; sourceTree = "<group>"; };
		8B5B832F2B143360009E2CBB /* HorizontalView.swift */ = {isa = PBXFileReference; lastKnownFileType = sourcecode.swift; path = HorizontalView.swift; sourceTree = "<group>"; };
		8B5B83312B143577009E2CBB /* HorizontalData.swift */ = {isa = PBXFileReference; lastKnownFileType = sourcecode.swift; path = HorizontalData.swift; sourceTree = "<group>"; };
		8B5B83332B143C68009E2CBB /* HorizontalViewModel.swift */ = {isa = PBXFileReference; lastKnownFileType = sourcecode.swift; path = HorizontalViewModel.swift; sourceTree = "<group>"; };
		8B702C252B157F4100A79DAF /* OrderBookModel.swift */ = {isa = PBXFileReference; lastKnownFileType = sourcecode.swift; path = OrderBookModel.swift; sourceTree = "<group>"; };
		8B9116F72B0C4A3C001A82DC /* OverlayView.swift */ = {isa = PBXFileReference; lastKnownFileType = sourcecode.swift; path = OverlayView.swift; sourceTree = "<group>"; };
		8B9116FC2B0C4E9B001A82DC /* UpbitAPI.swift */ = {isa = PBXFileReference; lastKnownFileType = sourcecode.swift; path = UpbitAPI.swift; sourceTree = "<group>"; };
		8B9116FE2B0C595A001A82DC /* ContentViewModel.swift */ = {isa = PBXFileReference; lastKnownFileType = sourcecode.swift; path = ContentViewModel.swift; sourceTree = "<group>"; };
		8B9117002B0C7338001A82DC /* ListView.swift */ = {isa = PBXFileReference; lastKnownFileType = sourcecode.swift; path = ListView.swift; sourceTree = "<group>"; };
		8B9117022B0C736A001A82DC /* ListViewModel.swift */ = {isa = PBXFileReference; lastKnownFileType = sourcecode.swift; path = ListViewModel.swift; sourceTree = "<group>"; };
		8B9117042B0C809C001A82DC /* BannerTestView.swift */ = {isa = PBXFileReference; lastKnownFileType = sourcecode.swift; path = BannerTestView.swift; sourceTree = "<group>"; };
		8B9117062B0CF37D001A82DC /* BannerView.swift */ = {isa = PBXFileReference; lastKnownFileType = sourcecode.swift; path = BannerView.swift; sourceTree = "<group>"; };
		8B9117082B0CF494001A82DC /* BannerViewModel.swift */ = {isa = PBXFileReference; lastKnownFileType = sourcecode.swift; path = BannerViewModel.swift; sourceTree = "<group>"; };
		8B91170B2B0D8610001A82DC /* WalletView.swift */ = {isa = PBXFileReference; lastKnownFileType = sourcecode.swift; path = WalletView.swift; sourceTree = "<group>"; };
		8B91170D2B0D991E001A82DC /* WalletDetailView.swift */ = {isa = PBXFileReference; lastKnownFileType = sourcecode.swift; path = WalletDetailView.swift; sourceTree = "<group>"; };
		8B91170F2B0DA52E001A82DC /* WalletModel.swift */ = {isa = PBXFileReference; lastKnownFileType = sourcecode.swift; path = WalletModel.swift; sourceTree = "<group>"; };
/* End PBXFileReference section */

/* Begin PBXFrameworksBuildPhase section */
		8B4FA2AD2B0AFFF4008B3465 /* Frameworks */ = {
			isa = PBXFrameworksBuildPhase;
			buildActionMask = 2147483647;
			files = (
			);
			runOnlyForDeploymentPostprocessing = 0;
		};
		8B4FA2BD2B0AFFF6008B3465 /* Frameworks */ = {
			isa = PBXFrameworksBuildPhase;
			buildActionMask = 2147483647;
			files = (
			);
			runOnlyForDeploymentPostprocessing = 0;
		};
		8B4FA2C72B0AFFF6008B3465 /* Frameworks */ = {
			isa = PBXFrameworksBuildPhase;
			buildActionMask = 2147483647;
			files = (
			);
			runOnlyForDeploymentPostprocessing = 0;
		};
/* End PBXFrameworksBuildPhase section */

/* Begin PBXGroup section */
		8B4FA2A72B0AFFF4008B3465 = {
			isa = PBXGroup;
			children = (
				8B4FA2B22B0AFFF4008B3465 /* SwiftUICoinOrderbook */,
				8B4FA2C32B0AFFF6008B3465 /* SwiftUICoinOrderbookTests */,
				8B4FA2CD2B0AFFF6008B3465 /* SwiftUICoinOrderbookUITests */,
				8B4FA2B12B0AFFF4008B3465 /* Products */,
			);
			sourceTree = "<group>";
		};
		8B4FA2B12B0AFFF4008B3465 /* Products */ = {
			isa = PBXGroup;
			children = (
				8B4FA2B02B0AFFF4008B3465 /* SwiftUICoinOrderbook.app */,
				8B4FA2C02B0AFFF6008B3465 /* SwiftUICoinOrderbookTests.xctest */,
				8B4FA2CA2B0AFFF6008B3465 /* SwiftUICoinOrderbookUITests.xctest */,
			);
			name = Products;
			sourceTree = "<group>";
		};
		8B4FA2B22B0AFFF4008B3465 /* SwiftUICoinOrderbook */ = {
			isa = PBXGroup;
			children = (
				8B5B832E2B143235009E2CBB /* Horizontal */,
				8B5B83272B141D74009E2CBB /* WithUIKit */,
				8B91170A2B0D85C5001A82DC /* Animation */,
				8B9116FB2B0C4E89001A82DC /* Network */,
				8B9116F62B0C436E001A82DC /* Model */,
				8B4FA2B32B0AFFF4008B3465 /* SwiftUICoinOrderbookApp.swift */,
				8B4FA2B72B0AFFF6008B3465 /* Assets.xcassets */,
				8B4FA2B52B0AFFF4008B3465 /* ContentView.swift */,
				8B9116FE2B0C595A001A82DC /* ContentViewModel.swift */,
				8B4FA2B92B0AFFF6008B3465 /* Preview Content */,
				8B9116F72B0C4A3C001A82DC /* OverlayView.swift */,
				8B9117002B0C7338001A82DC /* ListView.swift */,
				8B9117022B0C736A001A82DC /* ListViewModel.swift */,
				8B9117042B0C809C001A82DC /* BannerTestView.swift */,
				8B9117062B0CF37D001A82DC /* BannerView.swift */,
				8B9117082B0CF494001A82DC /* BannerViewModel.swift */,
			);
			path = SwiftUICoinOrderbook;
			sourceTree = "<group>";
		};
		8B4FA2B92B0AFFF6008B3465 /* Preview Content */ = {
			isa = PBXGroup;
			children = (
				8B4FA2BA2B0AFFF6008B3465 /* Preview Assets.xcassets */,
			);
			path = "Preview Content";
			sourceTree = "<group>";
		};
		8B4FA2C32B0AFFF6008B3465 /* SwiftUICoinOrderbookTests */ = {
			isa = PBXGroup;
			children = (
				8B4FA2C42B0AFFF6008B3465 /* SwiftUICoinOrderbookTests.swift */,
			);
			path = SwiftUICoinOrderbookTests;
			sourceTree = "<group>";
		};
		8B4FA2CD2B0AFFF6008B3465 /* SwiftUICoinOrderbookUITests */ = {
			isa = PBXGroup;
			children = (
				8B4FA2CE2B0AFFF6008B3465 /* SwiftUICoinOrderbookUITests.swift */,
				8B4FA2D02B0AFFF6008B3465 /* SwiftUICoinOrderbookUITestsLaunchTests.swift */,
			);
			path = SwiftUICoinOrderbookUITests;
			sourceTree = "<group>";
		};
		8B5B83272B141D74009E2CBB /* WithUIKit */ = {
			isa = PBXGroup;
			children = (
				8B5B83282B141D92009E2CBB /* SeSACView.swift */,
				8B5B832A2B141E62009E2CBB /* MyWebView.swift */,
				8B5B832C2B142199009E2CBB /* MyTextField.swift */,
			);
			path = WithUIKit;
			sourceTree = "<group>";
		};
		8B5B832E2B143235009E2CBB /* Horizontal */ = {
			isa = PBXGroup;
			children = (
				8B5B832F2B143360009E2CBB /* HorizontalView.swift */,
				8B5B83312B143577009E2CBB /* HorizontalData.swift */,
				8B5B83332B143C68009E2CBB /* HorizontalViewModel.swift */,
				8B702C252B157F4100A79DAF /* OrderBookModel.swift */,
			);
			path = Horizontal;
			sourceTree = "<group>";
		};
		8B9116F62B0C436E001A82DC /* Model */ = {
			isa = PBXGroup;
			children = (
				8B4FA2DE2B0B08FE008B3465 /* Banner.swift */,
				8B4FA2DD2B0B08FE008B3465 /* Money.swift */,
			);
			path = Model;
			sourceTree = "<group>";
		};
		8B9116FB2B0C4E89001A82DC /* Network */ = {
			isa = PBXGroup;
			children = (
				8B9116FC2B0C4E9B001A82DC /* UpbitAPI.swift */,
			);
			path = Network;
			sourceTree = "<group>";
		};
		8B91170A2B0D85C5001A82DC /* Animation */ = {
			isa = PBXGroup;
			children = (
				8B91170B2B0D8610001A82DC /* WalletView.swift */,
				8B91170D2B0D991E001A82DC /* WalletDetailView.swift */,
				8B91170F2B0DA52E001A82DC /* WalletModel.swift */,
			);
			path = Animation;
			sourceTree = "<group>";
		};
/* End PBXGroup section */

/* Begin PBXNativeTarget section */
		8B4FA2AF2B0AFFF4008B3465 /* SwiftUICoinOrderbook */ = {
			isa = PBXNativeTarget;
			buildConfigurationList = 8B4FA2D42B0AFFF6008B3465 /* Build configuration list for PBXNativeTarget "SwiftUICoinOrderbook" */;
			buildPhases = (
				8B4FA2AC2B0AFFF4008B3465 /* Sources */,
				8B4FA2AD2B0AFFF4008B3465 /* Frameworks */,
				8B4FA2AE2B0AFFF4008B3465 /* Resources */,
			);
			buildRules = (
			);
			dependencies = (
			);
			name = SwiftUICoinOrderbook;
			productName = SwiftUICoinOrderbook;
			productReference = 8B4FA2B02B0AFFF4008B3465 /* SwiftUICoinOrderbook.app */;
			productType = "com.apple.product-type.application";
		};
		8B4FA2BF2B0AFFF6008B3465 /* SwiftUICoinOrderbookTests */ = {
			isa = PBXNativeTarget;
			buildConfigurationList = 8B4FA2D72B0AFFF6008B3465 /* Build configuration list for PBXNativeTarget "SwiftUICoinOrderbookTests" */;
			buildPhases = (
				8B4FA2BC2B0AFFF6008B3465 /* Sources */,
				8B4FA2BD2B0AFFF6008B3465 /* Frameworks */,
				8B4FA2BE2B0AFFF6008B3465 /* Resources */,
			);
			buildRules = (
			);
			dependencies = (
				8B4FA2C22B0AFFF6008B3465 /* PBXTargetDependency */,
			);
			name = SwiftUICoinOrderbookTests;
			productName = SwiftUICoinOrderbookTests;
			productReference = 8B4FA2C02B0AFFF6008B3465 /* SwiftUICoinOrderbookTests.xctest */;
			productType = "com.apple.product-type.bundle.unit-test";
		};
		8B4FA2C92B0AFFF6008B3465 /* SwiftUICoinOrderbookUITests */ = {
			isa = PBXNativeTarget;
			buildConfigurationList = 8B4FA2DA2B0AFFF6008B3465 /* Build configuration list for PBXNativeTarget "SwiftUICoinOrderbookUITests" */;
			buildPhases = (
				8B4FA2C62B0AFFF6008B3465 /* Sources */,
				8B4FA2C72B0AFFF6008B3465 /* Frameworks */,
				8B4FA2C82B0AFFF6008B3465 /* Resources */,
			);
			buildRules = (
			);
			dependencies = (
				8B4FA2CC2B0AFFF6008B3465 /* PBXTargetDependency */,
			);
			name = SwiftUICoinOrderbookUITests;
			productName = SwiftUICoinOrderbookUITests;
			productReference = 8B4FA2CA2B0AFFF6008B3465 /* SwiftUICoinOrderbookUITests.xctest */;
			productType = "com.apple.product-type.bundle.ui-testing";
		};
/* End PBXNativeTarget section */

/* Begin PBXProject section */
		8B4FA2A82B0AFFF4008B3465 /* Project object */ = {
			isa = PBXProject;
			attributes = {
				BuildIndependentTargetsInParallel = 1;
				LastSwiftUpdateCheck = 1500;
				LastUpgradeCheck = 1500;
				TargetAttributes = {
					8B4FA2AF2B0AFFF4008B3465 = {
						CreatedOnToolsVersion = 15.0.1;
					};
					8B4FA2BF2B0AFFF6008B3465 = {
						CreatedOnToolsVersion = 15.0.1;
						TestTargetID = 8B4FA2AF2B0AFFF4008B3465;
					};
					8B4FA2C92B0AFFF6008B3465 = {
						CreatedOnToolsVersion = 15.0.1;
						TestTargetID = 8B4FA2AF2B0AFFF4008B3465;
					};
				};
			};
			buildConfigurationList = 8B4FA2AB2B0AFFF4008B3465 /* Build configuration list for PBXProject "SwiftUICoinOrderbook" */;
			compatibilityVersion = "Xcode 14.0";
			developmentRegion = en;
			hasScannedForEncodings = 0;
			knownRegions = (
				en,
				Base,
			);
			mainGroup = 8B4FA2A72B0AFFF4008B3465;
			productRefGroup = 8B4FA2B12B0AFFF4008B3465 /* Products */;
			projectDirPath = "";
			projectRoot = "";
			targets = (
				8B4FA2AF2B0AFFF4008B3465 /* SwiftUICoinOrderbook */,
				8B4FA2BF2B0AFFF6008B3465 /* SwiftUICoinOrderbookTests */,
				8B4FA2C92B0AFFF6008B3465 /* SwiftUICoinOrderbookUITests */,
			);
		};
/* End PBXProject section */

/* Begin PBXResourcesBuildPhase section */
		8B4FA2AE2B0AFFF4008B3465 /* Resources */ = {
			isa = PBXResourcesBuildPhase;
			buildActionMask = 2147483647;
			files = (
				8B4FA2BB2B0AFFF6008B3465 /* Preview Assets.xcassets in Resources */,
				8B4FA2B82B0AFFF6008B3465 /* Assets.xcassets in Resources */,
			);
			runOnlyForDeploymentPostprocessing = 0;
		};
		8B4FA2BE2B0AFFF6008B3465 /* Resources */ = {
			isa = PBXResourcesBuildPhase;
			buildActionMask = 2147483647;
			files = (
			);
			runOnlyForDeploymentPostprocessing = 0;
		};
		8B4FA2C82B0AFFF6008B3465 /* Resources */ = {
			isa = PBXResourcesBuildPhase;
			buildActionMask = 2147483647;
			files = (
			);
			runOnlyForDeploymentPostprocessing = 0;
		};
/* End PBXResourcesBuildPhase section */

/* Begin PBXSourcesBuildPhase section */
		8B4FA2AC2B0AFFF4008B3465 /* Sources */ = {
			isa = PBXSourcesBuildPhase;
			buildActionMask = 2147483647;
			files = (
				8B9117012B0C7338001A82DC /* ListView.swift in Sources */,
				8B91170C2B0D8610001A82DC /* WalletView.swift in Sources */,
				8B5B83342B143C68009E2CBB /* HorizontalViewModel.swift in Sources */,
				8B91170E2B0D991E001A82DC /* WalletDetailView.swift in Sources */,
				8B5B832D2B142199009E2CBB /* MyTextField.swift in Sources */,
				8B4FA2DF2B0B08FE008B3465 /* Money.swift in Sources */,
				8B5B83292B141D92009E2CBB /* SeSACView.swift in Sources */,
				8B702C262B157F4100A79DAF /* OrderBookModel.swift in Sources */,
				8B9117092B0CF494001A82DC /* BannerViewModel.swift in Sources */,
				8B9116FD2B0C4E9B001A82DC /* UpbitAPI.swift in Sources */,
				8B4FA2E02B0B08FE008B3465 /* Banner.swift in Sources */,
				8B9116FF2B0C595A001A82DC /* ContentViewModel.swift in Sources */,
				8B5B83302B143360009E2CBB /* HorizontalView.swift in Sources */,
				8B5B832B2B141E62009E2CBB /* MyWebView.swift in Sources */,
				8B9117032B0C736A001A82DC /* ListViewModel.swift in Sources */,
				8B4FA2B62B0AFFF4008B3465 /* ContentView.swift in Sources */,
				8B9117102B0DA52E001A82DC /* WalletModel.swift in Sources */,
				8B5B83322B143577009E2CBB /* HorizontalData.swift in Sources */,
				8B4FA2B42B0AFFF4008B3465 /* SwiftUICoinOrderbookApp.swift in Sources */,
				8B9117072B0CF37D001A82DC /* BannerView.swift in Sources */,
				8B9117052B0C809C001A82DC /* BannerTestView.swift in Sources */,
				8B9116F82B0C4A3C001A82DC /* OverlayView.swift in Sources */,
			);
			runOnlyForDeploymentPostprocessing = 0;
		};
		8B4FA2BC2B0AFFF6008B3465 /* Sources */ = {
			isa = PBXSourcesBuildPhase;
			buildActionMask = 2147483647;
			files = (
				8B4FA2C52B0AFFF6008B3465 /* SwiftUICoinOrderbookTests.swift in Sources */,
			);
			runOnlyForDeploymentPostprocessing = 0;
		};
		8B4FA2C62B0AFFF6008B3465 /* Sources */ = {
			isa = PBXSourcesBuildPhase;
			buildActionMask = 2147483647;
			files = (
				8B4FA2CF2B0AFFF6008B3465 /* SwiftUICoinOrderbookUITests.swift in Sources */,
				8B4FA2D12B0AFFF6008B3465 /* SwiftUICoinOrderbookUITestsLaunchTests.swift in Sources */,
			);
			runOnlyForDeploymentPostprocessing = 0;
		};
/* End PBXSourcesBuildPhase section */

/* Begin PBXTargetDependency section */
		8B4FA2C22B0AFFF6008B3465 /* PBXTargetDependency */ = {
			isa = PBXTargetDependency;
			target = 8B4FA2AF2B0AFFF4008B3465 /* SwiftUICoinOrderbook */;
			targetProxy = 8B4FA2C12B0AFFF6008B3465 /* PBXContainerItemProxy */;
		};
		8B4FA2CC2B0AFFF6008B3465 /* PBXTargetDependency */ = {
			isa = PBXTargetDependency;
			target = 8B4FA2AF2B0AFFF4008B3465 /* SwiftUICoinOrderbook */;
			targetProxy = 8B4FA2CB2B0AFFF6008B3465 /* PBXContainerItemProxy */;
		};
/* End PBXTargetDependency section */

/* Begin XCBuildConfiguration section */
		8B4FA2D22B0AFFF6008B3465 /* Debug */ = {
			isa = XCBuildConfiguration;
			buildSettings = {
				ALWAYS_SEARCH_USER_PATHS = NO;
				ASSETCATALOG_COMPILER_GENERATE_SWIFT_ASSET_SYMBOL_EXTENSIONS = YES;
				CLANG_ANALYZER_NONNULL = YES;
				CLANG_ANALYZER_NUMBER_OBJECT_CONVERSION = YES_AGGRESSIVE;
				CLANG_CXX_LANGUAGE_STANDARD = "gnu++20";
				CLANG_ENABLE_MODULES = YES;
				CLANG_ENABLE_OBJC_ARC = YES;
				CLANG_ENABLE_OBJC_WEAK = YES;
				CLANG_WARN_BLOCK_CAPTURE_AUTORELEASING = YES;
				CLANG_WARN_BOOL_CONVERSION = YES;
				CLANG_WARN_COMMA = YES;
				CLANG_WARN_CONSTANT_CONVERSION = YES;
				CLANG_WARN_DEPRECATED_OBJC_IMPLEMENTATIONS = YES;
				CLANG_WARN_DIRECT_OBJC_ISA_USAGE = YES_ERROR;
				CLANG_WARN_DOCUMENTATION_COMMENTS = YES;
				CLANG_WARN_EMPTY_BODY = YES;
				CLANG_WARN_ENUM_CONVERSION = YES;
				CLANG_WARN_INFINITE_RECURSION = YES;
				CLANG_WARN_INT_CONVERSION = YES;
				CLANG_WARN_NON_LITERAL_NULL_CONVERSION = YES;
				CLANG_WARN_OBJC_IMPLICIT_RETAIN_SELF = YES;
				CLANG_WARN_OBJC_LITERAL_CONVERSION = YES;
				CLANG_WARN_OBJC_ROOT_CLASS = YES_ERROR;
				CLANG_WARN_QUOTED_INCLUDE_IN_FRAMEWORK_HEADER = YES;
				CLANG_WARN_RANGE_LOOP_ANALYSIS = YES;
				CLANG_WARN_STRICT_PROTOTYPES = YES;
				CLANG_WARN_SUSPICIOUS_MOVE = YES;
				CLANG_WARN_UNGUARDED_AVAILABILITY = YES_AGGRESSIVE;
				CLANG_WARN_UNREACHABLE_CODE = YES;
				CLANG_WARN__DUPLICATE_METHOD_MATCH = YES;
				COPY_PHASE_STRIP = NO;
				DEBUG_INFORMATION_FORMAT = dwarf;
				ENABLE_STRICT_OBJC_MSGSEND = YES;
				ENABLE_TESTABILITY = YES;
				ENABLE_USER_SCRIPT_SANDBOXING = YES;
				GCC_C_LANGUAGE_STANDARD = gnu17;
				GCC_DYNAMIC_NO_PIC = NO;
				GCC_NO_COMMON_BLOCKS = YES;
				GCC_OPTIMIZATION_LEVEL = 0;
				GCC_PREPROCESSOR_DEFINITIONS = (
					"DEBUG=1",
					"$(inherited)",
				);
				GCC_WARN_64_TO_32_BIT_CONVERSION = YES;
				GCC_WARN_ABOUT_RETURN_TYPE = YES_ERROR;
				GCC_WARN_UNDECLARED_SELECTOR = YES;
				GCC_WARN_UNINITIALIZED_AUTOS = YES_AGGRESSIVE;
				GCC_WARN_UNUSED_FUNCTION = YES;
				GCC_WARN_UNUSED_VARIABLE = YES;
				IPHONEOS_DEPLOYMENT_TARGET = 17.0;
				LOCALIZATION_PREFERS_STRING_CATALOGS = YES;
				MTL_ENABLE_DEBUG_INFO = INCLUDE_SOURCE;
				MTL_FAST_MATH = YES;
				ONLY_ACTIVE_ARCH = YES;
				SDKROOT = iphoneos;
				SWIFT_ACTIVE_COMPILATION_CONDITIONS = "DEBUG $(inherited)";
				SWIFT_OPTIMIZATION_LEVEL = "-Onone";
			};
			name = Debug;
		};
		8B4FA2D32B0AFFF6008B3465 /* Release */ = {
			isa = XCBuildConfiguration;
			buildSettings = {
				ALWAYS_SEARCH_USER_PATHS = NO;
				ASSETCATALOG_COMPILER_GENERATE_SWIFT_ASSET_SYMBOL_EXTENSIONS = YES;
				CLANG_ANALYZER_NONNULL = YES;
				CLANG_ANALYZER_NUMBER_OBJECT_CONVERSION = YES_AGGRESSIVE;
				CLANG_CXX_LANGUAGE_STANDARD = "gnu++20";
				CLANG_ENABLE_MODULES = YES;
				CLANG_ENABLE_OBJC_ARC = YES;
				CLANG_ENABLE_OBJC_WEAK = YES;
				CLANG_WARN_BLOCK_CAPTURE_AUTORELEASING = YES;
				CLANG_WARN_BOOL_CONVERSION = YES;
				CLANG_WARN_COMMA = YES;
				CLANG_WARN_CONSTANT_CONVERSION = YES;
				CLANG_WARN_DEPRECATED_OBJC_IMPLEMENTATIONS = YES;
				CLANG_WARN_DIRECT_OBJC_ISA_USAGE = YES_ERROR;
				CLANG_WARN_DOCUMENTATION_COMMENTS = YES;
				CLANG_WARN_EMPTY_BODY = YES;
				CLANG_WARN_ENUM_CONVERSION = YES;
				CLANG_WARN_INFINITE_RECURSION = YES;
				CLANG_WARN_INT_CONVERSION = YES;
				CLANG_WARN_NON_LITERAL_NULL_CONVERSION = YES;
				CLANG_WARN_OBJC_IMPLICIT_RETAIN_SELF = YES;
				CLANG_WARN_OBJC_LITERAL_CONVERSION = YES;
				CLANG_WARN_OBJC_ROOT_CLASS = YES_ERROR;
				CLANG_WARN_QUOTED_INCLUDE_IN_FRAMEWORK_HEADER = YES;
				CLANG_WARN_RANGE_LOOP_ANALYSIS = YES;
				CLANG_WARN_STRICT_PROTOTYPES = YES;
				CLANG_WARN_SUSPICIOUS_MOVE = YES;
				CLANG_WARN_UNGUARDED_AVAILABILITY = YES_AGGRESSIVE;
				CLANG_WARN_UNREACHABLE_CODE = YES;
				CLANG_WARN__DUPLICATE_METHOD_MATCH = YES;
				COPY_PHASE_STRIP = NO;
				DEBUG_INFORMATION_FORMAT = "dwarf-with-dsym";
				ENABLE_NS_ASSERTIONS = NO;
				ENABLE_STRICT_OBJC_MSGSEND = YES;
				ENABLE_USER_SCRIPT_SANDBOXING = YES;
				GCC_C_LANGUAGE_STANDARD = gnu17;
				GCC_NO_COMMON_BLOCKS = YES;
				GCC_WARN_64_TO_32_BIT_CONVERSION = YES;
				GCC_WARN_ABOUT_RETURN_TYPE = YES_ERROR;
				GCC_WARN_UNDECLARED_SELECTOR = YES;
				GCC_WARN_UNINITIALIZED_AUTOS = YES_AGGRESSIVE;
				GCC_WARN_UNUSED_FUNCTION = YES;
				GCC_WARN_UNUSED_VARIABLE = YES;
				IPHONEOS_DEPLOYMENT_TARGET = 17.0;
				LOCALIZATION_PREFERS_STRING_CATALOGS = YES;
				MTL_ENABLE_DEBUG_INFO = NO;
				MTL_FAST_MATH = YES;
				SDKROOT = iphoneos;
				SWIFT_COMPILATION_MODE = wholemodule;
				VALIDATE_PRODUCT = YES;
			};
			name = Release;
		};
		8B4FA2D52B0AFFF6008B3465 /* Debug */ = {
			isa = XCBuildConfiguration;
			buildSettings = {
				ASSETCATALOG_COMPILER_APPICON_NAME = AppIcon;
				ASSETCATALOG_COMPILER_GLOBAL_ACCENT_COLOR_NAME = AccentColor;
				CODE_SIGN_STYLE = Automatic;
				CURRENT_PROJECT_VERSION = 1;
				DEVELOPMENT_ASSET_PATHS = "\"SwiftUICoinOrderbook/Preview Content\"";
				ENABLE_PREVIEWS = YES;
				GENERATE_INFOPLIST_FILE = YES;
				INFOPLIST_KEY_UIApplicationSceneManifest_Generation = YES;
				INFOPLIST_KEY_UIApplicationSupportsIndirectInputEvents = YES;
				INFOPLIST_KEY_UILaunchScreen_Generation = YES;
				INFOPLIST_KEY_UISupportedInterfaceOrientations_iPad = "UIInterfaceOrientationPortrait UIInterfaceOrientationPortraitUpsideDown UIInterfaceOrientationLandscapeLeft UIInterfaceOrientationLandscapeRight";
				INFOPLIST_KEY_UISupportedInterfaceOrientations_iPhone = "UIInterfaceOrientationPortrait UIInterfaceOrientationLandscapeLeft UIInterfaceOrientationLandscapeRight";
				LD_RUNPATH_SEARCH_PATHS = (
					"$(inherited)",
					"@executable_path/Frameworks",
				);
				MARKETING_VERSION = 1.0;
				PRODUCT_BUNDLE_IDENTIFIER = com.SoomanHong.SwiftUICoinOrderbook;
				PRODUCT_NAME = "$(TARGET_NAME)";
				SWIFT_EMIT_LOC_STRINGS = YES;
				SWIFT_VERSION = 5.0;
				TARGETED_DEVICE_FAMILY = "1,2";
			};
			name = Debug;
		};
		8B4FA2D62B0AFFF6008B3465 /* Release */ = {
			isa = XCBuildConfiguration;
			buildSettings = {
				ASSETCATALOG_COMPILER_APPICON_NAME = AppIcon;
				ASSETCATALOG_COMPILER_GLOBAL_ACCENT_COLOR_NAME = AccentColor;
				CODE_SIGN_STYLE = Automatic;
				CURRENT_PROJECT_VERSION = 1;
				DEVELOPMENT_ASSET_PATHS = "\"SwiftUICoinOrderbook/Preview Content\"";
				ENABLE_PREVIEWS = YES;
				GENERATE_INFOPLIST_FILE = YES;
				INFOPLIST_KEY_UIApplicationSceneManifest_Generation = YES;
				INFOPLIST_KEY_UIApplicationSupportsIndirectInputEvents = YES;
				INFOPLIST_KEY_UILaunchScreen_Generation = YES;
				INFOPLIST_KEY_UISupportedInterfaceOrientations_iPad = "UIInterfaceOrientationPortrait UIInterfaceOrientationPortraitUpsideDown UIInterfaceOrientationLandscapeLeft UIInterfaceOrientationLandscapeRight";
				INFOPLIST_KEY_UISupportedInterfaceOrientations_iPhone = "UIInterfaceOrientationPortrait UIInterfaceOrientationLandscapeLeft UIInterfaceOrientationLandscapeRight";
				LD_RUNPATH_SEARCH_PATHS = (
					"$(inherited)",
					"@executable_path/Frameworks",
				);
				MARKETING_VERSION = 1.0;
				PRODUCT_BUNDLE_IDENTIFIER = com.SoomanHong.SwiftUICoinOrderbook;
				PRODUCT_NAME = "$(TARGET_NAME)";
				SWIFT_EMIT_LOC_STRINGS = YES;
				SWIFT_VERSION = 5.0;
				TARGETED_DEVICE_FAMILY = "1,2";
			};
			name = Release;
		};
		8B4FA2D82B0AFFF6008B3465 /* Debug */ = {
			isa = XCBuildConfiguration;
			buildSettings = {
				ALWAYS_EMBED_SWIFT_STANDARD_LIBRARIES = YES;
				BUNDLE_LOADER = "$(TEST_HOST)";
				CODE_SIGN_STYLE = Automatic;
				CURRENT_PROJECT_VERSION = 1;
				GENERATE_INFOPLIST_FILE = YES;
				IPHONEOS_DEPLOYMENT_TARGET = 17.0;
				MARKETING_VERSION = 1.0;
				PRODUCT_BUNDLE_IDENTIFIER = com.SoomanHong.SwiftUICoinOrderbookTests;
				PRODUCT_NAME = "$(TARGET_NAME)";
				SWIFT_EMIT_LOC_STRINGS = NO;
				SWIFT_VERSION = 5.0;
				TARGETED_DEVICE_FAMILY = "1,2";
				TEST_HOST = "$(BUILT_PRODUCTS_DIR)/SwiftUICoinOrderbook.app/$(BUNDLE_EXECUTABLE_FOLDER_PATH)/SwiftUICoinOrderbook";
			};
			name = Debug;
		};
		8B4FA2D92B0AFFF6008B3465 /* Release */ = {
			isa = XCBuildConfiguration;
			buildSettings = {
				ALWAYS_EMBED_SWIFT_STANDARD_LIBRARIES = YES;
				BUNDLE_LOADER = "$(TEST_HOST)";
				CODE_SIGN_STYLE = Automatic;
				CURRENT_PROJECT_VERSION = 1;
				GENERATE_INFOPLIST_FILE = YES;
				IPHONEOS_DEPLOYMENT_TARGET = 17.0;
				MARKETING_VERSION = 1.0;
				PRODUCT_BUNDLE_IDENTIFIER = com.SoomanHong.SwiftUICoinOrderbookTests;
				PRODUCT_NAME = "$(TARGET_NAME)";
				SWIFT_EMIT_LOC_STRINGS = NO;
				SWIFT_VERSION = 5.0;
				TARGETED_DEVICE_FAMILY = "1,2";
				TEST_HOST = "$(BUILT_PRODUCTS_DIR)/SwiftUICoinOrderbook.app/$(BUNDLE_EXECUTABLE_FOLDER_PATH)/SwiftUICoinOrderbook";
			};
			name = Release;
		};
		8B4FA2DB2B0AFFF6008B3465 /* Debug */ = {
			isa = XCBuildConfiguration;
			buildSettings = {
				ALWAYS_EMBED_SWIFT_STANDARD_LIBRARIES = YES;
				CODE_SIGN_STYLE = Automatic;
				CURRENT_PROJECT_VERSION = 1;
				GENERATE_INFOPLIST_FILE = YES;
				MARKETING_VERSION = 1.0;
				PRODUCT_BUNDLE_IDENTIFIER = com.SoomanHong.SwiftUICoinOrderbookUITests;
				PRODUCT_NAME = "$(TARGET_NAME)";
				SWIFT_EMIT_LOC_STRINGS = NO;
				SWIFT_VERSION = 5.0;
				TARGETED_DEVICE_FAMILY = "1,2";
				TEST_TARGET_NAME = SwiftUICoinOrderbook;
			};
			name = Debug;
		};
		8B4FA2DC2B0AFFF6008B3465 /* Release */ = {
			isa = XCBuildConfiguration;
			buildSettings = {
				ALWAYS_EMBED_SWIFT_STANDARD_LIBRARIES = YES;
				CODE_SIGN_STYLE = Automatic;
				CURRENT_PROJECT_VERSION = 1;
				GENERATE_INFOPLIST_FILE = YES;
				MARKETING_VERSION = 1.0;
				PRODUCT_BUNDLE_IDENTIFIER = com.SoomanHong.SwiftUICoinOrderbookUITests;
				PRODUCT_NAME = "$(TARGET_NAME)";
				SWIFT_EMIT_LOC_STRINGS = NO;
				SWIFT_VERSION = 5.0;
				TARGETED_DEVICE_FAMILY = "1,2";
				TEST_TARGET_NAME = SwiftUICoinOrderbook;
			};
			name = Release;
		};
/* End XCBuildConfiguration section */

/* Begin XCConfigurationList section */
		8B4FA2AB2B0AFFF4008B3465 /* Build configuration list for PBXProject "SwiftUICoinOrderbook" */ = {
			isa = XCConfigurationList;
			buildConfigurations = (
				8B4FA2D22B0AFFF6008B3465 /* Debug */,
				8B4FA2D32B0AFFF6008B3465 /* Release */,
			);
			defaultConfigurationIsVisible = 0;
			defaultConfigurationName = Release;
		};
		8B4FA2D42B0AFFF6008B3465 /* Build configuration list for PBXNativeTarget "SwiftUICoinOrderbook" */ = {
			isa = XCConfigurationList;
			buildConfigurations = (
				8B4FA2D52B0AFFF6008B3465 /* Debug */,
				8B4FA2D62B0AFFF6008B3465 /* Release */,
			);
			defaultConfigurationIsVisible = 0;
			defaultConfigurationName = Release;
		};
		8B4FA2D72B0AFFF6008B3465 /* Build configuration list for PBXNativeTarget "SwiftUICoinOrderbookTests" */ = {
			isa = XCConfigurationList;
			buildConfigurations = (
				8B4FA2D82B0AFFF6008B3465 /* Debug */,
				8B4FA2D92B0AFFF6008B3465 /* Release */,
			);
			defaultConfigurationIsVisible = 0;
			defaultConfigurationName = Release;
		};
		8B4FA2DA2B0AFFF6008B3465 /* Build configuration list for PBXNativeTarget "SwiftUICoinOrderbookUITests" */ = {
			isa = XCConfigurationList;
			buildConfigurations = (
				8B4FA2DB2B0AFFF6008B3465 /* Debug */,
				8B4FA2DC2B0AFFF6008B3465 /* Release */,
			);
			defaultConfigurationIsVisible = 0;
			defaultConfigurationName = Release;
		};
/* End XCConfigurationList section */
	};
	rootObject = 8B4FA2A82B0AFFF4008B3465 /* Project object */;
}
